# THIS IS AN AUTOGENERATED FILE. DO NOT EDIT THIS FILE DIRECTLY.
# yarn lockfile v1


"@types/create-torrent@^5.0.0":
  version "5.0.0"
  resolved "https://registry.yarnpkg.com/@types/create-torrent/-/create-torrent-5.0.0.tgz#bd3def0e133390049113c09b0c263a6d6cca2852"
  integrity sha512-mZbaThIOP3NQru6/oi7I3hcWSu8/d0/4os13JVWGAU5hoAZIUc6MbeloHAX5nnnIZgn7YIp5PpNRf9Im/QvAvA==
  dependencies:
    "@types/node" "*"

"@types/magnet-uri@*":
  version "5.1.3"
  resolved "https://registry.yarnpkg.com/@types/magnet-uri/-/magnet-uri-5.1.3.tgz#cdf974721012bd758c0f559cabcad7bab87f9008"
  integrity sha512-FvJN1yYdLhvU6zWJ2YnWQ2GnpFLsA8bt+85WY0tLh6ehzGNrvBorjlcc53/zY43r/IKn+ctFs1nt7andwGnQCQ==
  dependencies:
    "@types/node" "*"

"@types/node@*", "@types/node@^18.11.18":
  version "18.11.18"
  resolved "https://registry.yarnpkg.com/@types/node/-/node-18.11.18.tgz#8dfb97f0da23c2293e554c5a50d61ef134d7697f"
  integrity sha512-DHQpWGjyQKSHj3ebjFI/wRKcqQcdR+MoFBygntYOZytCqNfkd2ZC4ARDJ2DQqhjH5p85Nnd3jhUJIXrszFX/JA==

"@types/parse-torrent-file@*":
  version "4.0.3"
  resolved "https://registry.yarnpkg.com/@types/parse-torrent-file/-/parse-torrent-file-4.0.3.tgz#045b023426d168e0253c932cb782b231b1ee2d62"
  integrity sha512-dFkPnJPKiFWiGX+HXmyTVt2js3k0d9dThmUxX8nfGC22hbyZ5BTmetsEl45sQhHLcFo43njVrIKMXM3F1ahXRw==
  dependencies:
    "@types/node" "*"

"@types/parse-torrent@^5.8.4":
  version "5.8.4"
  resolved "https://registry.yarnpkg.com/@types/parse-torrent/-/parse-torrent-5.8.4.tgz#c095834a9a815507c59014a79517ad403e4329d0"
  integrity sha512-FdKs5yN5iYO5Cu9gVz1Zl30CbZe6HTsqloWmCf+LfbImgSzlsUkov2+npQWCQSQ3zi/a2G5C824K0UpZ2sRufA==
  dependencies:
    "@types/magnet-uri" "*"
    "@types/node" "*"
    "@types/parse-torrent-file" "*"

bencode@^2.0.2, bencode@^2.0.3:
  version "2.0.3"
  resolved "https://registry.yarnpkg.com/bencode/-/bencode-2.0.3.tgz#89b9c80ea1b8573554915a7d0c15f62b0aa7fc52"
  integrity sha512-D/vrAD4dLVX23NalHwb8dSvsUsxeRPO8Y7ToKA015JQYq69MLDOMkC0uGZYA/MPpltLO8rt8eqFC2j8DxjTZ/w==

bep53-range@^1.1.0:
  version "1.1.1"
  resolved "https://registry.yarnpkg.com/bep53-range/-/bep53-range-1.1.1.tgz#20fd125b00a413254a77d42f63a43750ca7e64ac"
  integrity sha512-ct6s33iiwRCUPp9KXnJ4QMWDgHIgaw36caK/5XEQ9L8dCzSQlJt1Vk6VmHh1VD4AlGCAI4C2zmtfItifBBPrhQ==

blob-to-buffer@^1.2.9:
  version "1.2.9"
  resolved "https://registry.yarnpkg.com/blob-to-buffer/-/blob-to-buffer-1.2.9.tgz#a17fd6c1c564011408f8971e451544245daaa84a"
  integrity sha512-BF033y5fN6OCofD3vgHmNtwZWRcq9NLyyxyILx9hfMy1sXYy4ojFl765hJ2lP0YaN2fuxPaLO2Vzzoxy0FLFFA==

block-iterator@^1.0.1:
  version "1.1.1"
  resolved "https://registry.yarnpkg.com/block-iterator/-/block-iterator-1.1.1.tgz#3c8a94e083febf8da59d8baad1006ffee1a74694"
  integrity sha512-DrjdVWZemVO4iBf4tiOXjUrY5cNesjzy0t7sIiu2rdl8cOCHRxAgKjSJFc3vBZYYMMmshUAxajl8QQh/uxXTKQ==

create-torrent@^5.0.9:
  version "5.0.9"
  resolved "https://registry.yarnpkg.com/create-torrent/-/create-torrent-5.0.9.tgz#850f198f7568e3d0e1e73b6858d43d44659a69d0"
  integrity sha512-WQ/bMe+aCBSa5EonIkgw7CTM/1JnJDQuLJhA78omSWvuEbXDwaUy0rG3a+IYt+EiO+rdTLxdsBwrsn/wfWOMQA==
  dependencies:
    bencode "^2.0.3"
    block-iterator "^1.0.1"
    fast-readable-async-iterator "^1.1.1"
    is-file "^1.0.0"
    join-async-iterator "^1.1.1"
    junk "^3.1.0"
    minimist "^1.2.7"
    piece-length "^2.0.1"
    queue-microtask "^1.2.3"
    run-parallel "^1.2.0"
    simple-sha1 "^3.1.0"

decompress-response@^6.0.0:
  version "6.0.0"
  resolved "https://registry.yarnpkg.com/decompress-response/-/decompress-response-6.0.0.tgz#ca387612ddb7e104bd16d85aab00d5ecf09c66fc"
  integrity sha512-aW35yZM6Bb/4oJlZncMH2LCoZtJXTRxES17vE3hoRiowU2kWHaJKFkSBDnDR+cm9J+9QhXmREyIfv0pji9ejCQ==
  dependencies:
    mimic-response "^3.1.0"

fast-readable-async-iterator@^1.1.1:
  version "1.1.1"
  resolved "https://registry.yarnpkg.com/fast-readable-async-iterator/-/fast-readable-async-iterator-1.1.1.tgz#77dfbb5262b278bb123c4d8d3219b1bb881b857c"
  integrity sha512-xEHkLUEmStETI+15zhglJLO9TjXxNkkp2ldEfYVZdcqxFhM172EfGl1irI6mVlTxXspYKH1/kjevnt/XSsPeFA==

get-stdin@^8.0.0:
  version "8.0.0"
  resolved "https://registry.yarnpkg.com/get-stdin/-/get-stdin-8.0.0.tgz#cbad6a73feb75f6eeb22ba9e01f89aa28aa97a53"
  integrity sha512-sY22aA6xchAzprjyqmSEQv4UbAAzRN0L2dQB0NlN5acTTK9Don6nhoc3eAbUnpZiCANAMfd/+40kVdKfFygohg==

is-file@^1.0.0:
  version "1.0.0"
  resolved "https://registry.yarnpkg.com/is-file/-/is-file-1.0.0.tgz#28a44cfbd9d3db193045f22b65fce8edf9620596"
  integrity sha512-ZGMuc+xA8mRnrXtmtf2l/EkIW2zaD2LSBWlaOVEF6yH4RTndHob65V4SwWWdtGKVthQfXPVKsXqw4TDUjbVxVQ==

join-async-iterator@^1.1.1:
  version "1.1.1"
  resolved "https://registry.yarnpkg.com/join-async-iterator/-/join-async-iterator-1.1.1.tgz#7d2857d7f4066267861888d264769e842110d07e"
  integrity sha512-ATse+nuNeKZ9K1y27LKdvPe/GCe9R/u9dw9vI248e+vILeRK3IcJP4JUPAlSmKRCDK0cKhEwfmiw4Skqx7UnGQ==

junk@^3.1.0:
  version "3.1.0"
  resolved "https://registry.yarnpkg.com/junk/-/junk-3.1.0.tgz#31499098d902b7e98c5d9b9c80f43457a88abfa1"
  integrity sha512-pBxcB3LFc8QVgdggvZWyeys+hnrNWg4OcZIU/1X59k5jQdLBlCsYGRQaz234SqoRLTCgMH00fY0xRJH+F9METQ==

magnet-uri@^6.2.0:
  version "6.2.0"
  resolved "https://registry.yarnpkg.com/magnet-uri/-/magnet-uri-6.2.0.tgz#10f7be050bf23452df210838239b118463c3eeff"
  integrity sha512-O9AgdDwT771fnUj0giPYu/rACpz8173y8UXCSOdLITjOVfBenZ9H9q3FqQmveK+ORUMuD+BkKNSZP8C3+IMAKQ==
  dependencies:
    bep53-range "^1.1.0"
    thirty-two "^1.0.2"

mimic-response@^3.1.0:
  version "3.1.0"
  resolved "https://registry.yarnpkg.com/mimic-response/-/mimic-response-3.1.0.tgz#2d1d59af9c1b129815accc2c46a022a5ce1fa3c9"
  integrity sha512-z0yWI+4FDrrweS8Zmt4Ej5HdJmky15+L2e6Wgn3+iK5fWzb6T3fhNFq2+MeTRb064c6Wr4N/wv0DzQTjNzHNGQ==

minimist@^1.2.7:
  version "1.2.7"
  resolved "https://registry.yarnpkg.com/minimist/-/minimist-1.2.7.tgz#daa1c4d91f507390437c6a8bc01078e7000c4d18"
  integrity sha512-bzfL1YUZsP41gmu/qjrEk0Q6i2ix/cVeAhbCbqH9u3zYutS1cLg00qhrD0M2MVdCcx4Sc0UpP2eBWo9rotpq6g==

once@^1.3.1:
  version "1.4.0"
  resolved "https://registry.yarnpkg.com/once/-/once-1.4.0.tgz#583b1aa775961d4b113ac17d9c50baef9dd76bd1"
  integrity sha512-lNaJgI+2Q5URQBkccEKHTQOPaXdUxnZZElQTZY0MFUAuaEqe1E+Nyvgdz/aIyNi6Z9MzO5dv1H8n58/GELp3+w==
  dependencies:
    wrappy "1"

parse-torrent@^9.1.5:
  version "9.1.5"
  resolved "https://registry.yarnpkg.com/parse-torrent/-/parse-torrent-9.1.5.tgz#fcae5f360d9baf617d9a2de68e74d5de4c8099fd"
  integrity sha512-K8FXRwTOaZMI0/xuv0dpng1MVHZRtMJ0jRWBJ3qZWVNTrC1MzWUxm9QwaXDz/2qPhV2XC4UIHI92IGHwseAwaA==
  dependencies:
    bencode "^2.0.2"
    blob-to-buffer "^1.2.9"
    get-stdin "^8.0.0"
    magnet-uri "^6.2.0"
    queue-microtask "^1.2.3"
    simple-get "^4.0.1"
    simple-sha1 "^3.1.0"

piece-length@^2.0.1:
  version "2.0.1"
  resolved "https://registry.yarnpkg.com/piece-length/-/piece-length-2.0.1.tgz#dbed4e78976955f34466d0a65304d0cb21914ac9"
  integrity sha512-dBILiDmm43y0JPISWEmVGKBETQjwJe6mSU9GND+P9KW0SJGUwoU/odyH1nbalOP9i8WSYuqf1lQnaj92Bhw+Ug==

queue-microtask@^1.2.2, queue-microtask@^1.2.3:
  version "1.2.3"
  resolved "https://registry.yarnpkg.com/queue-microtask/-/queue-microtask-1.2.3.tgz#4929228bbc724dfac43e0efb058caf7b6cfb6243"
  integrity sha512-NuaNSa6flKT5JaSYQzJok04JzTL1CA6aGhv5rfLW3PgqA+M2ChpZQnAC8h8i4ZFkBS8X5RqkDBHA7r4hej3K9A==

run-parallel@^1.2.0:
  version "1.2.0"
  resolved "https://registry.yarnpkg.com/run-parallel/-/run-parallel-1.2.0.tgz#66d1368da7bdf921eb9d95bd1a9229e7f21a43ee"
  integrity sha512-5l4VyZR86LZ/lDxZTR6jqL8AFE2S0IFLMP26AbjsLVADxHdhB/c0GUsH+y39UfCi3dzz8OlQuPmnaJOMoDHQBA==
  dependencies:
    queue-microtask "^1.2.2"

rusha@^0.8.13:
  version "0.8.14"
  resolved "https://registry.yarnpkg.com/rusha/-/rusha-0.8.14.tgz#a977d0de9428406138b7bb90d3de5dcd024e2f68"
  integrity sha512-cLgakCUf6PedEu15t8kbsjnwIFFR2D4RfL+W3iWFJ4iac7z4B0ZI8fxy4R3J956kAI68HclCFGL8MPoUVC3qVA==

simple-concat@^1.0.0:
  version "1.0.1"
  resolved "https://registry.yarnpkg.com/simple-concat/-/simple-concat-1.0.1.tgz#f46976082ba35c2263f1c8ab5edfe26c41c9552f"
  integrity sha512-cSFtAPtRhljv69IK0hTVZQ+OfE9nePi/rtJmw5UjHeVyVroEqJXP1sFztKUy1qU+xvz3u/sfYJLa947b7nAN2Q==

simple-get@^4.0.1:
  version "4.0.1"
  resolved "https://registry.yarnpkg.com/simple-get/-/simple-get-4.0.1.tgz#4a39db549287c979d352112fa03fd99fd6bc3543"
  integrity sha512-brv7p5WgH0jmQJr1ZDDfKDOSeWWg+OVypG99A/5vYGPqJ6pxiaHLy8nxtFjBA7oMa01ebA9gfh1uMCFqOuXxvA==
  dependencies:
    decompress-response "^6.0.0"
    once "^1.3.1"
    simple-concat "^1.0.0"

simple-sha1@^3.1.0:
  version "3.1.0"
  resolved "https://registry.yarnpkg.com/simple-sha1/-/simple-sha1-3.1.0.tgz#40cac8436dfaf9924332fc46a5c7bca45f656131"
  integrity sha512-ArTptMRC1v08H8ihPD6l0wesKvMfF9e8XL5rIHPanI7kGOsSsbY514MwVu6X1PITHCTB2F08zB7cyEbfc4wQjg==
  dependencies:
    queue-microtask "^1.2.2"
    rusha "^0.8.13"

thirty-two@^1.0.2:
  version "1.0.2"
  resolved "https://registry.yarnpkg.com/thirty-two/-/thirty-two-1.0.2.tgz#4ca2fffc02a51290d2744b9e3f557693ca6b627a"
  integrity sha512-OEI0IWCe+Dw46019YLl6V10Us5bi574EvlJEOcAkB29IzQ/mYD1A6RyNHLjZPiHCmuodxvgF6U+vZO1L15lxVA==

typescript@^4.5.4:
  version "4.9.4"
  resolved "https://registry.yarnpkg.com/typescript/-/typescript-4.9.4.tgz#a2a3d2756c079abda241d75f149df9d561091e78"
  integrity sha512-Uz+dTXYzxXXbsFpM86Wh3dKCxrQqUcVMxwU54orwlJjOpO3ao8L7j5lH+dWfTwgCwIuM9GQ2kvVotzYJMXTBZg==

wrappy@1:
  version "1.0.2"
  resolved "https://registry.yarnpkg.com/wrappy/-/wrappy-1.0.2.tgz#b5243d8f3ec1aa35f1364605bc0d1036e30ab69f"
  integrity sha512-l4Sp/DRseor9wL6EvV2+TuQn63dMkPjZ/sp9XkghTEbV9KlPS1xUsZ3u7/IQO4wxtcFB4bgpQPRcR3QCvezPcQ==
